
Microsoft Visual Studio Solution File, Format Version 12.00
# Visual Studio Version 16
VisualStudioVersion = 16.0.30503.244
MinimumVisualStudioVersion = 10.0.40219.1
Project("{FAE04EC0-301F-11D3-BF4B-00C04F79EFBC}") = "Tangled_Web", "Tangled_Web\Tangled_Web.csproj", "{A26989E2-311F-4278-BBCE-95440E11238E}"
EndProject
Global
	GlobalSection(SolutionConfigurationPlatforms) = preSolution
		Debug|Any CPU = Debug|Any CPU
		Release|Any CPU = Release|Any CPU
	EndGlobalSection
	GlobalSection(ProjectConfigurationPlatforms) = postSolution
		{A26989E2-311F-4278-BBCE-95440E11238E}.Debug|Any CPU.ActiveCfg = Debug|Any CPU
		{A26989E2-311F-4278-BBCE-95440E11238E}.Debug|Any CPU.Build.0 = Debug|Any CPU
		{A26989E2-311F-4278-BBCE-95440E11238E}.Release|Any CPU.ActiveCfg = Release|Any CPU
		{A26989E2-311F-4278-BBCE-95440E11238E}.Release|Any CPU.Build.0 = Release|Any CPU
	EndGlobalSection
	GlobalSection(SolutionProperties) = preSolution
		HideSolutionNode = FALSE
	EndGlobalSection
	GlobalSection(ExtensibilityGlobals) = postSolution
		SolutionGuid = {B7A8F0EF-C6D6-4D3B-B1F5-8684FA3F43D9}
	EndGlobalSection
EndGlobal
